
Microsoft Visual Studio Solution File, Format Version 12.00
# Visual Studio Version 17
VisualStudioVersion = 17.9.34723.18
MinimumVisualStudioVersion = 10.0.40219.1
Project("{9A19103F-16F7-4668-BE54-9A1E7A4F7556}") = "SnippetsInstaller", "SnippetsInstaller\SnippetsInstaller.csproj", "{7959561E-32D2-4BB2-868D-6B85FF810D18}"
EndProject
Project("{9A19103F-16F7-4668-BE54-9A1E7A4F7556}") = "SnippetsInstaller.Core", "SnippetsInstaller.Core\SnippetsInstaller.Core.csproj", "{BCAEBF2E-299A-4F01-A04A-8327EE35EA03}"
EndProject
Project("{54435603-DBB4-11D2-8724-00A0C9A8B90C}") = "SnippetsInstallerSetup", "SnippetsInstallerSetup\SnippetsInstallerSetup.vdproj", "{C315294D-FA7E-4D44-9920-23BC4FD53116}"
EndProject
Global
	GlobalSection(SolutionConfigurationPlatforms) = preSolution
		Debug|Any CPU = Debug|Any CPU
		Release|Any CPU = Release|Any CPU
	EndGlobalSection
	GlobalSection(ProjectConfigurationPlatforms) = postSolution
		{7959561E-32D2-4BB2-868D-6B85FF810D18}.Debug|Any CPU.ActiveCfg = Debug|Any CPU
		{7959561E-32D2-4BB2-868D-6B85FF810D18}.Debug|Any CPU.Build.0 = Debug|Any CPU
		{7959561E-32D2-4BB2-868D-6B85FF810D18}.Release|Any CPU.ActiveCfg = Release|Any CPU
		{7959561E-32D2-4BB2-868D-6B85FF810D18}.Release|Any CPU.Build.0 = Release|Any CPU
		{BCAEBF2E-299A-4F01-A04A-8327EE35EA03}.Debug|Any CPU.ActiveCfg = Debug|Any CPU
		{BCAEBF2E-299A-4F01-A04A-8327EE35EA03}.Debug|Any CPU.Build.0 = Debug|Any CPU
		{BCAEBF2E-299A-4F01-A04A-8327EE35EA03}.Release|Any CPU.ActiveCfg = Release|Any CPU
		{BCAEBF2E-299A-4F01-A04A-8327EE35EA03}.Release|Any CPU.Build.0 = Release|Any CPU
		{C315294D-FA7E-4D44-9920-23BC4FD53116}.Debug|Any CPU.ActiveCfg = Debug
		{C315294D-FA7E-4D44-9920-23BC4FD53116}.Release|Any CPU.ActiveCfg = Release
	EndGlobalSection
	GlobalSection(SolutionProperties) = preSolution
		HideSolutionNode = FALSE
	EndGlobalSection
	GlobalSection(ExtensibilityGlobals) = postSolution
		SolutionGuid = {C7CCECB9-A4D6-465C-B35C-3369E6EC162E}
	EndGlobalSection
EndGlobal
